
Microsoft Visual Studio Solution File, Format Version 12.00
# Visual Studio Version 17
VisualStudioVersion = 17.5.33530.505
MinimumVisualStudioVersion = 10.0.40219.1
Project("{FAE04EC0-301F-11D3-BF4B-00C04F79EFBC}") = "CafeDemo", "CafeDemo\CafeDemo.csproj", "{94C69753-D81D-44EC-B77F-EE4704186E1C}"
EndProject
Global
	GlobalSection(SolutionConfigurationPlatforms) = preSolution
		Debug|Any CPU = Debug|Any CPU
		Release|Any CPU = Release|Any CPU
	EndGlobalSection
	GlobalSection(ProjectConfigurationPlatforms) = postSolution
		{94C69753-D81D-44EC-B77F-EE4704186E1C}.Debug|Any CPU.ActiveCfg = Debug|Any CPU
		{94C69753-D81D-44EC-B77F-EE4704186E1C}.Debug|Any CPU.Build.0 = Debug|Any CPU
		{94C69753-D81D-44EC-B77F-EE4704186E1C}.Release|Any CPU.ActiveCfg = Release|Any CPU
		{94C69753-D81D-44EC-B77F-EE4704186E1C}.Release|Any CPU.Build.0 = Release|Any CPU
	EndGlobalSection
	GlobalSection(SolutionProperties) = preSolution
		HideSolutionNode = FALSE
	EndGlobalSection
	GlobalSection(ExtensibilityGlobals) = postSolution
		SolutionGuid = {CBB89C0D-FC7B-402F-9948-A5CC0E7D9EF7}
	EndGlobalSection
EndGlobal
